
Microsoft Visual Studio Solution File, Format Version 12.00
# Visual Studio Version 17
VisualStudioVersion = 17.4.33403.182
MinimumVisualStudioVersion = 10.0.40219.1
Project("{9A19103F-16F7-4668-BE54-9A1E7A4F7556}") = "Domain.Abstractions", "Domain.Abstractions\Domain.Abstractions.csproj", "{5D79FAAA-AD23-48AC-89BB-E9C8EA51FCC3}"
EndProject
Project("{9A19103F-16F7-4668-BE54-9A1E7A4F7556}") = "CitiesBlog", "CitiesBlog\CitiesBlog.csproj", "{D17C9E7D-3552-40DE-ACB2-F3B0D78DE9D4}"
EndProject
Project("{FAE04EC0-301F-11D3-BF4B-00C04F79EFBC}") = "CitiesBlog.Domain", "CitiesBlog.Domain\CitiesBlog.Domain.csproj", "{0D84CAA1-0D44-4476-B92E-4EA7A9E14418}"
EndProject
Global
	GlobalSection(SolutionConfigurationPlatforms) = preSolution
		Debug|Any CPU = Debug|Any CPU
		Release|Any CPU = Release|Any CPU
	EndGlobalSection
	GlobalSection(ProjectConfigurationPlatforms) = postSolution
		{5D79FAAA-AD23-48AC-89BB-E9C8EA51FCC3}.Debug|Any CPU.ActiveCfg = Debug|Any CPU
		{5D79FAAA-AD23-48AC-89BB-E9C8EA51FCC3}.Debug|Any CPU.Build.0 = Debug|Any CPU
		{5D79FAAA-AD23-48AC-89BB-E9C8EA51FCC3}.Release|Any CPU.ActiveCfg = Release|Any CPU
		{5D79FAAA-AD23-48AC-89BB-E9C8EA51FCC3}.Release|Any CPU.Build.0 = Release|Any CPU
		{D17C9E7D-3552-40DE-ACB2-F3B0D78DE9D4}.Debug|Any CPU.ActiveCfg = Debug|Any CPU
		{D17C9E7D-3552-40DE-ACB2-F3B0D78DE9D4}.Debug|Any CPU.Build.0 = Debug|Any CPU
		{D17C9E7D-3552-40DE-ACB2-F3B0D78DE9D4}.Release|Any CPU.ActiveCfg = Release|Any CPU
		{D17C9E7D-3552-40DE-ACB2-F3B0D78DE9D4}.Release|Any CPU.Build.0 = Release|Any CPU
		{0D84CAA1-0D44-4476-B92E-4EA7A9E14418}.Debug|Any CPU.ActiveCfg = Debug|Any CPU
		{0D84CAA1-0D44-4476-B92E-4EA7A9E14418}.Debug|Any CPU.Build.0 = Debug|Any CPU
		{0D84CAA1-0D44-4476-B92E-4EA7A9E14418}.Release|Any CPU.ActiveCfg = Release|Any CPU
		{0D84CAA1-0D44-4476-B92E-4EA7A9E14418}.Release|Any CPU.Build.0 = Release|Any CPU
	EndGlobalSection
	GlobalSection(SolutionProperties) = preSolution
		HideSolutionNode = FALSE
	EndGlobalSection
	GlobalSection(ExtensibilityGlobals) = postSolution
		SolutionGuid = {6B80FDA7-DFF5-4D01-9759-26B5E48CE7F3}
	EndGlobalSection
EndGlobal
