
Microsoft Visual Studio Solution File, Format Version 12.00
# Visual Studio Version 17
VisualStudioVersion = 17.4.33403.182
MinimumVisualStudioVersion = 10.0.40219.1
Project("{9A19103F-16F7-4668-BE54-9A1E7A4F7556}") = "CityBlog", "Content.WebApi\CityBlog.csproj", "{C5481D96-55A6-4DF2-B44E-A142A49591EC}"
EndProject
Project("{FAE04EC0-301F-11D3-BF4B-00C04F79EFBC}") = "Domain.Abstractions", "Domain.Abstractions\Domain.Abstractions.csproj", "{5D79FAAA-AD23-48AC-89BB-E9C8EA51FCC3}"
EndProject
Global
	GlobalSection(SolutionConfigurationPlatforms) = preSolution
		Debug|Any CPU = Debug|Any CPU
		Release|Any CPU = Release|Any CPU
	EndGlobalSection
	GlobalSection(ProjectConfigurationPlatforms) = postSolution
		{C5481D96-55A6-4DF2-B44E-A142A49591EC}.Debug|Any CPU.ActiveCfg = Debug|Any CPU
		{C5481D96-55A6-4DF2-B44E-A142A49591EC}.Debug|Any CPU.Build.0 = Debug|Any CPU
		{C5481D96-55A6-4DF2-B44E-A142A49591EC}.Release|Any CPU.ActiveCfg = Release|Any CPU
		{C5481D96-55A6-4DF2-B44E-A142A49591EC}.Release|Any CPU.Build.0 = Release|Any CPU
		{5D79FAAA-AD23-48AC-89BB-E9C8EA51FCC3}.Debug|Any CPU.ActiveCfg = Debug|Any CPU
		{5D79FAAA-AD23-48AC-89BB-E9C8EA51FCC3}.Debug|Any CPU.Build.0 = Debug|Any CPU
		{5D79FAAA-AD23-48AC-89BB-E9C8EA51FCC3}.Release|Any CPU.ActiveCfg = Release|Any CPU
		{5D79FAAA-AD23-48AC-89BB-E9C8EA51FCC3}.Release|Any CPU.Build.0 = Release|Any CPU
	EndGlobalSection
	GlobalSection(SolutionProperties) = preSolution
		HideSolutionNode = FALSE
	EndGlobalSection
	GlobalSection(ExtensibilityGlobals) = postSolution
		SolutionGuid = {6B80FDA7-DFF5-4D01-9759-26B5E48CE7F3}
	EndGlobalSection
EndGlobal
